
Microsoft Visual Studio Solution File, Format Version 12.00
# Visual Studio Version 17
VisualStudioVersion = 17.12.35514.174
MinimumVisualStudioVersion = 10.0.40219.1
Project("{8BC9CEB8-8B4A-11D0-8D11-00A0C91BC942}") = "LearnCpp", "LearnCpp\LearnCpp.vcxproj", "{1E17DBF0-32E4-48E5-94D7-7F552F530791}"
EndProject
Project("{8BC9CEB8-8B4A-11D0-8D11-00A0C91BC942}") = "Question04_02", "Question04_02\Question04_02.vcxproj", "{AA58AB62-E3EA-4734-8695-84F00D1E2DC0}"
EndProject
Project("{8BC9CEB8-8B4A-11D0-8D11-00A0C91BC942}") = "Question04_03", "Question04_03\Question04_03.vcxproj", "{6998F42D-710E-45C6-BF35-C328381CD620}"
EndProject
Project("{8BC9CEB8-8B4A-11D0-8D11-00A0C91BC942}") = "Question05_04", "Question05_04\Question05_04.vcxproj", "{D2287F7B-3A3D-48E5-953E-0DF885BA3748}"
EndProject
Project("{8BC9CEB8-8B4A-11D0-8D11-00A0C91BC942}") = "Question07_01", "Question07_01\Question07_01.vcxproj", "{D3F27E1C-4B19-4C12-BE85-63E754A5C960}"
EndProject
Project("{8BC9CEB8-8B4A-11D0-8D11-00A0C91BC942}") = "Question07_02", "Question07_02\Question07_02.vcxproj", "{4E7747BC-F1FD-4965-92C2-E7DB4F5955B7}"
EndProject
Project("{8BC9CEB8-8B4A-11D0-8D11-00A0C91BC942}") = "Question07_03", "Question07_03\Question07_03.vcxproj", "{1F504D75-7628-443B-9623-2782339DD063}"
EndProject
Project("{8BC9CEB8-8B4A-11D0-8D11-00A0C91BC942}") = "Question07_04", "Question07_04\Question07_04.vcxproj", "{445A94AB-7CBB-4BC5-BA08-5FBDB8DA45FA}"
EndProject
Project("{8BC9CEB8-8B4A-11D0-8D11-00A0C91BC942}") = "Question08_01", "Question08_01\Question08_01.vcxproj", "{BCAA19AF-90EF-4C3E-B91A-0436F4A4AC75}"
EndProject
Project("{8BC9CEB8-8B4A-11D0-8D11-00A0C91BC942}") = "Question08_02", "Question08_02\Question08_02.vcxproj", "{A8886344-3208-433E-876C-F74258BC0637}"
EndProject
Project("{8BC9CEB8-8B4A-11D0-8D11-00A0C91BC942}") = "Question08_03", "Question08_03\Question08_03.vcxproj", "{5D253B2D-9BDA-4733-B964-21648F3767E8}"
EndProject
Project("{8BC9CEB8-8B4A-11D0-8D11-00A0C91BC942}") = "Question09_01", "Question09_01\Question09_01.vcxproj", "{FC085EA1-50E1-4FB9-B1B8-CCF89066F307}"
EndProject
Project("{8BC9CEB8-8B4A-11D0-8D11-00A0C91BC942}") = "Question10_01", "Question10_01\Question10_01.vcxproj", "{06FC97B3-3371-4376-A877-3F816387D34B}"
EndProject
Global
	GlobalSection(SolutionConfigurationPlatforms) = preSolution
		Debug|x64 = Debug|x64
		Debug|x86 = Debug|x86
		Release|x64 = Release|x64
		Release|x86 = Release|x86
	EndGlobalSection
	GlobalSection(ProjectConfigurationPlatforms) = postSolution
		{1E17DBF0-32E4-48E5-94D7-7F552F530791}.Debug|x64.ActiveCfg = Debug|x64
		{1E17DBF0-32E4-48E5-94D7-7F552F530791}.Debug|x64.Build.0 = Debug|x64
		{1E17DBF0-32E4-48E5-94D7-7F552F530791}.Debug|x86.ActiveCfg = Debug|Win32
		{1E17DBF0-32E4-48E5-94D7-7F552F530791}.Debug|x86.Build.0 = Debug|Win32
		{1E17DBF0-32E4-48E5-94D7-7F552F530791}.Release|x64.ActiveCfg = Release|x64
		{1E17DBF0-32E4-48E5-94D7-7F552F530791}.Release|x64.Build.0 = Release|x64
		{1E17DBF0-32E4-48E5-94D7-7F552F530791}.Release|x86.ActiveCfg = Release|Win32
		{1E17DBF0-32E4-48E5-94D7-7F552F530791}.Release|x86.Build.0 = Release|Win32
		{AA58AB62-E3EA-4734-8695-84F00D1E2DC0}.Debug|x64.ActiveCfg = Debug|x64
		{AA58AB62-E3EA-4734-8695-84F00D1E2DC0}.Debug|x64.Build.0 = Debug|x64
		{AA58AB62-E3EA-4734-8695-84F00D1E2DC0}.Debug|x86.ActiveCfg = Debug|Win32
		{AA58AB62-E3EA-4734-8695-84F00D1E2DC0}.Debug|x86.Build.0 = Debug|Win32
		{AA58AB62-E3EA-4734-8695-84F00D1E2DC0}.Release|x64.ActiveCfg = Release|x64
		{AA58AB62-E3EA-4734-8695-84F00D1E2DC0}.Release|x64.Build.0 = Release|x64
		{AA58AB62-E3EA-4734-8695-84F00D1E2DC0}.Release|x86.ActiveCfg = Release|Win32
		{AA58AB62-E3EA-4734-8695-84F00D1E2DC0}.Release|x86.Build.0 = Release|Win32
		{6998F42D-710E-45C6-BF35-C328381CD620}.Debug|x64.ActiveCfg = Debug|x64
		{6998F42D-710E-45C6-BF35-C328381CD620}.Debug|x64.Build.0 = Debug|x64
		{6998F42D-710E-45C6-BF35-C328381CD620}.Debug|x86.ActiveCfg = Debug|Win32
		{6998F42D-710E-45C6-BF35-C328381CD620}.Debug|x86.Build.0 = Debug|Win32
		{6998F42D-710E-45C6-BF35-C328381CD620}.Release|x64.ActiveCfg = Release|x64
		{6998F42D-710E-45C6-BF35-C328381CD620}.Release|x64.Build.0 = Release|x64
		{6998F42D-710E-45C6-BF35-C328381CD620}.Release|x86.ActiveCfg = Release|Win32
		{6998F42D-710E-45C6-BF35-C328381CD620}.Release|x86.Build.0 = Release|Win32
		{D2287F7B-3A3D-48E5-953E-0DF885BA3748}.Debug|x64.ActiveCfg = Debug|x64
		{D2287F7B-3A3D-48E5-953E-0DF885BA3748}.Debug|x64.Build.0 = Debug|x64
		{D2287F7B-3A3D-48E5-953E-0DF885BA3748}.Debug|x86.ActiveCfg = Debug|Win32
		{D2287F7B-3A3D-48E5-953E-0DF885BA3748}.Debug|x86.Build.0 = Debug|Win32
		{D2287F7B-3A3D-48E5-953E-0DF885BA3748}.Release|x64.ActiveCfg = Release|x64
		{D2287F7B-3A3D-48E5-953E-0DF885BA3748}.Release|x64.Build.0 = Release|x64
		{D2287F7B-3A3D-48E5-953E-0DF885BA3748}.Release|x86.ActiveCfg = Release|Win32
		{D2287F7B-3A3D-48E5-953E-0DF885BA3748}.Release|x86.Build.0 = Release|Win32
		{D3F27E1C-4B19-4C12-BE85-63E754A5C960}.Debug|x64.ActiveCfg = Debug|x64
		{D3F27E1C-4B19-4C12-BE85-63E754A5C960}.Debug|x64.Build.0 = Debug|x64
		{D3F27E1C-4B19-4C12-BE85-63E754A5C960}.Debug|x86.ActiveCfg = Debug|Win32
		{D3F27E1C-4B19-4C12-BE85-63E754A5C960}.Debug|x86.Build.0 = Debug|Win32
		{D3F27E1C-4B19-4C12-BE85-63E754A5C960}.Release|x64.ActiveCfg = Release|x64
		{D3F27E1C-4B19-4C12-BE85-63E754A5C960}.Release|x64.Build.0 = Release|x64
		{D3F27E1C-4B19-4C12-BE85-63E754A5C960}.Release|x86.ActiveCfg = Release|Win32
		{D3F27E1C-4B19-4C12-BE85-63E754A5C960}.Release|x86.Build.0 = Release|Win32
		{4E7747BC-F1FD-4965-92C2-E7DB4F5955B7}.Debug|x64.ActiveCfg = Debug|x64
		{4E7747BC-F1FD-4965-92C2-E7DB4F5955B7}.Debug|x64.Build.0 = Debug|x64
		{4E7747BC-F1FD-4965-92C2-E7DB4F5955B7}.Debug|x86.ActiveCfg = Debug|Win32
		{4E7747BC-F1FD-4965-92C2-E7DB4F5955B7}.Debug|x86.Build.0 = Debug|Win32
		{4E7747BC-F1FD-4965-92C2-E7DB4F5955B7}.Release|x64.ActiveCfg = Release|x64
		{4E7747BC-F1FD-4965-92C2-E7DB4F5955B7}.Release|x64.Build.0 = Release|x64
		{4E7747BC-F1FD-4965-92C2-E7DB4F5955B7}.Release|x86.ActiveCfg = Release|Win32
		{4E7747BC-F1FD-4965-92C2-E7DB4F5955B7}.Release|x86.Build.0 = Release|Win32
		{1F504D75-7628-443B-9623-2782339DD063}.Debug|x64.ActiveCfg = Debug|x64
		{1F504D75-7628-443B-9623-2782339DD063}.Debug|x64.Build.0 = Debug|x64
		{1F504D75-7628-443B-9623-2782339DD063}.Debug|x86.ActiveCfg = Debug|Win32
		{1F504D75-7628-443B-9623-2782339DD063}.Debug|x86.Build.0 = Debug|Win32
		{1F504D75-7628-443B-9623-2782339DD063}.Release|x64.ActiveCfg = Release|x64
		{1F504D75-7628-443B-9623-2782339DD063}.Release|x64.Build.0 = Release|x64
		{1F504D75-7628-443B-9623-2782339DD063}.Release|x86.ActiveCfg = Release|Win32
		{1F504D75-7628-443B-9623-2782339DD063}.Release|x86.Build.0 = Release|Win32
		{445A94AB-7CBB-4BC5-BA08-5FBDB8DA45FA}.Debug|x64.ActiveCfg = Debug|x64
		{445A94AB-7CBB-4BC5-BA08-5FBDB8DA45FA}.Debug|x64.Build.0 = Debug|x64
		{445A94AB-7CBB-4BC5-BA08-5FBDB8DA45FA}.Debug|x86.ActiveCfg = Debug|Win32
		{445A94AB-7CBB-4BC5-BA08-5FBDB8DA45FA}.Debug|x86.Build.0 = Debug|Win32
		{445A94AB-7CBB-4BC5-BA08-5FBDB8DA45FA}.Release|x64.ActiveCfg = Release|x64
		{445A94AB-7CBB-4BC5-BA08-5FBDB8DA45FA}.Release|x64.Build.0 = Release|x64
		{445A94AB-7CBB-4BC5-BA08-5FBDB8DA45FA}.Release|x86.ActiveCfg = Release|Win32
		{445A94AB-7CBB-4BC5-BA08-5FBDB8DA45FA}.Release|x86.Build.0 = Release|Win32
		{BCAA19AF-90EF-4C3E-B91A-0436F4A4AC75}.Debug|x64.ActiveCfg = Debug|x64
		{BCAA19AF-90EF-4C3E-B91A-0436F4A4AC75}.Debug|x64.Build.0 = Debug|x64
		{BCAA19AF-90EF-4C3E-B91A-0436F4A4AC75}.Debug|x86.ActiveCfg = Debug|Win32
		{BCAA19AF-90EF-4C3E-B91A-0436F4A4AC75}.Debug|x86.Build.0 = Debug|Win32
		{BCAA19AF-90EF-4C3E-B91A-0436F4A4AC75}.Release|x64.ActiveCfg = Release|x64
		{BCAA19AF-90EF-4C3E-B91A-0436F4A4AC75}.Release|x64.Build.0 = Release|x64
		{BCAA19AF-90EF-4C3E-B91A-0436F4A4AC75}.Release|x86.ActiveCfg = Release|Win32
		{BCAA19AF-90EF-4C3E-B91A-0436F4A4AC75}.Release|x86.Build.0 = Release|Win32
		{A8886344-3208-433E-876C-F74258BC0637}.Debug|x64.ActiveCfg = Debug|x64
		{A8886344-3208-433E-876C-F74258BC0637}.Debug|x64.Build.0 = Debug|x64
		{A8886344-3208-433E-876C-F74258BC0637}.Debug|x86.ActiveCfg = Debug|Win32
		{A8886344-3208-433E-876C-F74258BC0637}.Debug|x86.Build.0 = Debug|Win32
		{A8886344-3208-433E-876C-F74258BC0637}.Release|x64.ActiveCfg = Release|x64
		{A8886344-3208-433E-876C-F74258BC0637}.Release|x64.Build.0 = Release|x64
		{A8886344-3208-433E-876C-F74258BC0637}.Release|x86.ActiveCfg = Release|Win32
		{A8886344-3208-433E-876C-F74258BC0637}.Release|x86.Build.0 = Release|Win32
		{5D253B2D-9BDA-4733-B964-21648F3767E8}.Debug|x64.ActiveCfg = Debug|x64
		{5D253B2D-9BDA-4733-B964-21648F3767E8}.Debug|x64.Build.0 = Debug|x64
		{5D253B2D-9BDA-4733-B964-21648F3767E8}.Debug|x86.ActiveCfg = Debug|Win32
		{5D253B2D-9BDA-4733-B964-21648F3767E8}.Debug|x86.Build.0 = Debug|Win32
		{5D253B2D-9BDA-4733-B964-21648F3767E8}.Release|x64.ActiveCfg = Release|x64
		{5D253B2D-9BDA-4733-B964-21648F3767E8}.Release|x64.Build.0 = Release|x64
		{5D253B2D-9BDA-4733-B964-21648F3767E8}.Release|x86.ActiveCfg = Release|Win32
		{5D253B2D-9BDA-4733-B964-21648F3767E8}.Release|x86.Build.0 = Release|Win32
		{FC085EA1-50E1-4FB9-B1B8-CCF89066F307}.Debug|x64.ActiveCfg = Debug|x64
		{FC085EA1-50E1-4FB9-B1B8-CCF89066F307}.Debug|x64.Build.0 = Debug|x64
		{FC085EA1-50E1-4FB9-B1B8-CCF89066F307}.Debug|x86.ActiveCfg = Debug|Win32
		{FC085EA1-50E1-4FB9-B1B8-CCF89066F307}.Debug|x86.Build.0 = Debug|Win32
		{FC085EA1-50E1-4FB9-B1B8-CCF89066F307}.Release|x64.ActiveCfg = Release|x64
		{FC085EA1-50E1-4FB9-B1B8-CCF89066F307}.Release|x64.Build.0 = Release|x64
		{FC085EA1-50E1-4FB9-B1B8-CCF89066F307}.Release|x86.ActiveCfg = Release|Win32
		{FC085EA1-50E1-4FB9-B1B8-CCF89066F307}.Release|x86.Build.0 = Release|Win32
		{06FC97B3-3371-4376-A877-3F816387D34B}.Debug|x64.ActiveCfg = Debug|x64
		{06FC97B3-3371-4376-A877-3F816387D34B}.Debug|x64.Build.0 = Debug|x64
		{06FC97B3-3371-4376-A877-3F816387D34B}.Debug|x86.ActiveCfg = Debug|Win32
		{06FC97B3-3371-4376-A877-3F816387D34B}.Debug|x86.Build.0 = Debug|Win32
		{06FC97B3-3371-4376-A877-3F816387D34B}.Release|x64.ActiveCfg = Release|x64
		{06FC97B3-3371-4376-A877-3F816387D34B}.Release|x64.Build.0 = Release|x64
		{06FC97B3-3371-4376-A877-3F816387D34B}.Release|x86.ActiveCfg = Release|Win32
		{06FC97B3-3371-4376-A877-3F816387D34B}.Release|x86.Build.0 = Release|Win32
	EndGlobalSection
	GlobalSection(SolutionProperties) = preSolution
		HideSolutionNode = FALSE
	EndGlobalSection
	GlobalSection(ExtensibilityGlobals) = postSolution
		SolutionGuid = {146AD052-B40A-412E-9988-E10104763E4B}
	EndGlobalSection
EndGlobal
